PODS:
  - AFNetworking (3.2.1):
    - AFNetworking/NSURLSession (= 3.2.1)
    - AFNetworking/Reachability (= 3.2.1)
    - AFNetworking/Security (= 3.2.1)
    - AFNetworking/Serialization (= 3.2.1)
    - AFNetworking/UIKit (= 3.2.1)
  - AFNetworking/NSURLSession (3.2.1):
    - AFNetworking/Reachability
    - AFNetworking/Security
    - AFNetworking/Serialization
  - AFNetworking/Reachability (3.2.1)
  - AFNetworking/Security (3.2.1)
  - AFNetworking/Serialization (3.2.1)
  - AFNetworking/UIKit (3.2.1):
    - AFNetworking/NSURLSession
  - FMDB (2.7.5):
    - FMDB/standard (= 2.7.5)
  - FMDB/standard (2.7.5)
  - GPUImage (0.1.7)
  - KSCrash (1.15.18):
    - KSCrash/Installations (= 1.15.18)
  - KSCrash/Installations (1.15.18):
    - KSCrash/Recording
    - KSCrash/Reporting
  - KSCrash/Recording (1.15.18):
    - KSCrash/Recording/Tools (= 1.15.18)
  - KSCrash/Recording/Tools (1.15.18)
  - KSCrash/Reporting (1.15.18):
    - KSCrash/Recording
    - KSCrash/Reporting/Filters (= 1.15.18)
    - KSCrash/Reporting/MessageUI (= 1.15.18)
    - KSCrash/Reporting/Sinks (= 1.15.18)
    - KSCrash/Reporting/Tools (= 1.15.18)
  - KSCrash/Reporting/Filters (1.15.18):
    - KSCrash/Recording
    - KSCrash/Reporting/Filters/Alert (= 1.15.18)
    - KSCrash/Reporting/Filters/AppleFmt (= 1.15.18)
    - KSCrash/Reporting/Filters/Base (= 1.15.18)
    - KSCrash/Reporting/Filters/Basic (= 1.15.18)
    - KSCrash/Reporting/Filters/GZip (= 1.15.18)
    - KSCrash/Reporting/Filters/JSON (= 1.15.18)
    - KSCrash/Reporting/Filters/Sets (= 1.15.18)
    - KSCrash/Reporting/Filters/Stringify (= 1.15.18)
    - KSCrash/Reporting/Filters/Tools (= 1.15.18)
  - KSCrash/Reporting/Filters/Alert (1.15.18):
    - KSCrash/Recording
    - KSCrash/Reporting/Filters/Base
  - KSCrash/Reporting/Filters/AppleFmt (1.15.18):
    - KSCrash/Recording
    - KSCrash/Reporting/Filters/Base
  - KSCrash/Reporting/Filters/Base (1.15.18):
    - KSCrash/Recording
  - KSCrash/Reporting/Filters/Basic (1.15.18):
    - KSCrash/Recording
    - KSCrash/Reporting/Filters/Base
  - KSCrash/Reporting/Filters/GZip (1.15.18):
    - KSCrash/Recording
    - KSCrash/Reporting/Filters/Base
  - KSCrash/Reporting/Filters/JSON (1.15.18):
    - KSCrash/Recording
    - KSCrash/Reporting/Filters/Base
  - KSCrash/Reporting/Filters/Sets (1.15.18):
    - KSCrash/Recording
    - KSCrash/Reporting/Filters/AppleFmt
    - KSCrash/Reporting/Filters/Base
    - KSCrash/Reporting/Filters/Basic
    - KSCrash/Reporting/Filters/GZip
    - KSCrash/Reporting/Filters/JSON
    - KSCrash/Reporting/Filters/Stringify
  - KSCrash/Reporting/Filters/Stringify (1.15.18):
    - KSCrash/Recording
    - KSCrash/Reporting/Filters/Base
  - KSCrash/Reporting/Filters/Tools (1.15.18):
    - KSCrash/Recording
  - KSCrash/Reporting/MessageUI (1.15.18):
    - KSCrash/Recording
  - KSCrash/Reporting/Sinks (1.15.18):
    - KSCrash/Recording
    - KSCrash/Reporting/Filters
    - KSCrash/Reporting/Tools
  - KSCrash/Reporting/Tools (1.15.18):
    - KSCrash/Recording
  - libksygpulive/base (3.0.4)
  - libksygpulive/libksygpulive (3.0.4):
    - GPUImage
    - libksygpulive/streamerbase
  - libksygpulive/mediacodec (3.0.4)
  - libksygpulive/mediacore_enc_base (3.0.4)
  - libksygpulive/mediacore_enc_lite (3.0.4)
  - libksygpulive/streamerbase (3.0.4):
    - libksygpulive/base
    - libksygpulive/mediacodec
    - libksygpulive/mediacore_enc_base
    - libksygpulive/mediacore_enc_lite
    - libksygpulive/yuv
  - libksygpulive/yuv (3.0.4)
  - Masonry (1.0.2)
  - MBProgressHUD (1.0.0)
  - MJExtension (3.0.15.1)
  - MJRefresh (3.0.8)
  - pop (1.0.12)
  - Reachability (3.2)
  - ReactiveCocoa (2.4.7):
    - ReactiveCocoa/UI (= 2.4.7)
  - ReactiveCocoa/Core (2.4.7):
    - ReactiveCocoa/no-arc
  - ReactiveCocoa/no-arc (2.4.7)
  - ReactiveCocoa/UI (2.4.7):
    - ReactiveCocoa/Core
  - SDWebImage (3.7.6):
    - SDWebImage/Core (= 3.7.6)
  - SDWebImage/Core (3.7.6)
  - UMCAnalytics (5.5.1):
    - UMCCommon
  - UMCCommon (1.5.2)
  - UMCSecurityPlugins (1.0.6)
  - YYKit (1.0.9):
    - YYKit/no-arc (= 1.0.9)
  - YYKit/no-arc (1.0.9)
  - ZYQAssetPickerController (1.2.0)

DEPENDENCIES:
  - AFNetworking
  - FMDB
  - KSCrash
  - libksygpulive/libksygpulive
  - Masonry (~> 1.0.2)
  - MBProgressHUD (~> 1.0.0)
  - MJExtension (~> 3.0.13)
  - MJRefresh (~> 3.0.7)
  - pop
  - Reachability (~> 3.2)
  - ReactiveCocoa (~> 2.4.7)
  - SDWebImage (~> 3.7.3)
  - UMCAnalytics
  - UMCCommon
  - UMCSecurityPlugins
  - YYKit
  - ZYQAssetPickerController

SPEC REPOS:
  https://github.com/cocoapods/specs.git:
    - AFNetworking
    - FMDB
    - GPUImage
    - KSCrash
    - libksygpulive
    - Masonry
    - MBProgressHUD
    - MJExtension
    - MJRefresh
    - pop
    - Reachability
    - ReactiveCocoa
    - SDWebImage
    - UMCAnalytics
    - UMCCommon
    - UMCSecurityPlugins
    - YYKit
    - ZYQAssetPickerController

SPEC CHECKSUMS:
  AFNetworking: b6f891fdfaed196b46c7a83cf209e09697b94057
  FMDB: 2ce00b547f966261cd18927a3ddb07cb6f3db82a
  GPUImage: 733a5f0fab92df9de1c37ba9df520a833ccb406d
  KSCrash: 5394936f41e5c1ef7b79cf79b30d53299b0c160e
  libksygpulive: aca3eb30e7a38ee6565feb52feb82ccc0103ce43
  Masonry: 7c429b56da9d4ee0bbb3ed77a5ea710d6a5df39e
  MBProgressHUD: 4890f671c94e8a0f3cf959aa731e9de2f036d71a
  MJExtension: 19bc33ce2eee2d319760f5622562cf581a6ff756
  MJRefresh: fafde8f18f4afd66b434331a9beb67a6c0264056
  pop: d582054913807fd11fd50bfe6a539d91c7e1a55a
  Reachability: 33e18b67625424e47b6cde6d202dce689ad7af96
  ReactiveCocoa: eb38dee0a0e698f73a9b25e5c1faea2bb4c79240
  SDWebImage: c325cf02c30337336b95beff20a13df489ec0ec9
  UMCAnalytics: 0aff87e39008e2a650e5917430db0da2de2f8495
  UMCCommon: 4392868ac47ff1b101663106bb114ba616fabbad
  UMCSecurityPlugins: 0831a08f3988f3cea9f1d3a7626cd9bee4fef150
  YYKit: 7cda43304a8dc3696c449041e2cb3107b4e236e7
  ZYQAssetPickerController: dc692a6fb421c0dc0efcabd43eb260cfb073f7fd

PODFILE CHECKSUM: 3e069674e5a3a50ab1a3a18cae0ae7696ac19092

COCOAPODS: 1.5.3
