PODS:
  - AFNetworking (3.2.1):
    - AFNetworking/NSURLSession (= 3.2.1)
    - AFNetworking/Reachability (= 3.2.1)
    - AFNetworking/Security (= 3.2.1)
    - AFNetworking/Serialization (= 3.2.1)
    - AFNetworking/UIKit (= 3.2.1)
  - AFNetworking/NSURLSession (3.2.1):
    - AFNetworking/Reachability
    - AFNetworking/Security
    - AFNetworking/Serialization
  - AFNetworking/Reachability (3.2.1)
  - AFNetworking/Security (3.2.1)
  - AFNetworking/Serialization (3.2.1)
  - AFNetworking/UIKit (3.2.1):
    - AFNetworking/NSURLSession
  - FMDB (2.7.5):
    - FMDB/standard (= 2.7.5)
  - FMDB/standard (2.7.5)
  - GPUImage (0.1.7)
  - libksygpulive/base (3.0.4)
  - libksygpulive/libksygpulive (3.0.4):
    - GPUImage
    - libksygpulive/streamerbase
  - libksygpulive/mediacodec (3.0.4)
  - libksygpulive/mediacore_enc_base (3.0.4)
  - libksygpulive/mediacore_enc_lite (3.0.4)
  - libksygpulive/streamerbase (3.0.4):
    - libksygpulive/base
    - libksygpulive/mediacodec
    - libksygpulive/mediacore_enc_base
    - libksygpulive/mediacore_enc_lite
    - libksygpulive/yuv
  - libksygpulive/yuv (3.0.4)
  - Masonry (1.0.2)
  - MBProgressHUD (1.0.0)
  - MJExtension (3.0.15.1)
  - MJRefresh (3.0.8)
  - pop (1.0.10)
  - Reachability (3.2)
  - ReactiveCocoa (2.4.7):
    - ReactiveCocoa/UI (= 2.4.7)
  - ReactiveCocoa/Core (2.4.7):
    - ReactiveCocoa/no-arc
  - ReactiveCocoa/no-arc (2.4.7)
  - ReactiveCocoa/UI (2.4.7):
    - ReactiveCocoa/Core
  - SDWebImage (3.7.6):
    - SDWebImage/Core (= 3.7.6)
  - SDWebImage/Core (3.7.6)
  - UMCAnalytics (5.5.1):
    - UMCCommon
  - UMCCommon (1.5.2)
  - UMCSecurityPlugins (1.0.6)
  - UMengUShare (6.4.8.2):
    - UMengUShare/Core (= 6.4.8.2)
    - UMengUShare/Network (= 6.4.8.2)
    - UMengUShare/Plugin (= 6.4.8.2)
    - UMengUShare/Social (= 6.4.8.2)
    - UMengUShare/UI (= 6.4.8.2)
  - UMengUShare/Core (6.4.8.2):
    - UMengUShare/Network
  - UMengUShare/Network (6.4.8.2)
  - UMengUShare/Plugin (6.4.8.2):
    - UMengUShare/Core
    - UMengUShare/Plugin/IDFA (= 6.4.8.2)
  - UMengUShare/Plugin/IDFA (6.4.8.2):
    - UMengUShare/Core
  - UMengUShare/Social (6.4.8.2):
    - UMengUShare/Core
    - UMengUShare/Social/AlipayShare (= 6.4.8.2)
    - UMengUShare/Social/DingDing (= 6.4.8.2)
    - UMengUShare/Social/Douban (= 6.4.8.2)
    - UMengUShare/Social/DropBox (= 6.4.8.2)
    - UMengUShare/Social/Email (= 6.4.8.2)
    - UMengUShare/Social/EverNote (= 6.4.8.2)
    - UMengUShare/Social/Facebook (= 6.4.8.2)
    - UMengUShare/Social/FaceBookMessenger (= 6.4.8.2)
    - UMengUShare/Social/Flickr (= 6.4.8.2)
    - UMengUShare/Social/GooglePlus (= 6.4.8.2)
    - UMengUShare/Social/Instagram (= 6.4.8.2)
    - UMengUShare/Social/Kakao (= 6.4.8.2)
    - UMengUShare/Social/LaiWang (= 6.4.8.2)
    - UMengUShare/Social/Line (= 6.4.8.2)
    - UMengUShare/Social/Linkedin (= 6.4.8.2)
    - UMengUShare/Social/Pinterest (= 6.4.8.2)
    - UMengUShare/Social/Pocket (= 6.4.8.2)
    - UMengUShare/Social/QQ (= 6.4.8.2)
    - UMengUShare/Social/ReducedQQ (= 6.4.8.2)
    - UMengUShare/Social/ReducedSina (= 6.4.8.2)
    - UMengUShare/Social/ReducedWeChat (= 6.4.8.2)
    - UMengUShare/Social/Renren (= 6.4.8.2)
    - UMengUShare/Social/Sina (= 6.4.8.2)
    - UMengUShare/Social/SMS (= 6.4.8.2)
    - UMengUShare/Social/TencentWeibo (= 6.4.8.2)
    - UMengUShare/Social/Tumblr (= 6.4.8.2)
    - UMengUShare/Social/Twitter (= 6.4.8.2)
    - UMengUShare/Social/VKontakte (= 6.4.8.2)
    - UMengUShare/Social/WeChat (= 6.4.8.2)
    - UMengUShare/Social/WhatsApp (= 6.4.8.2)
    - UMengUShare/Social/YiXin (= 6.4.8.2)
    - UMengUShare/Social/YouDao (= 6.4.8.2)
  - UMengUShare/Social/AlipayShare (6.4.8.2):
    - UMengUShare/Core
  - UMengUShare/Social/DingDing (6.4.8.2):
    - UMengUShare/Core
  - UMengUShare/Social/Douban (6.4.8.2):
    - UMengUShare/Core
  - UMengUShare/Social/DropBox (6.4.8.2):
    - UMengUShare/Core
  - UMengUShare/Social/Email (6.4.8.2):
    - UMengUShare/Core
  - UMengUShare/Social/EverNote (6.4.8.2):
    - UMengUShare/Core
  - UMengUShare/Social/Facebook (6.4.8.2):
    - UMengUShare/Core
  - UMengUShare/Social/FaceBookMessenger (6.4.8.2):
    - UMengUShare/Core
  - UMengUShare/Social/Flickr (6.4.8.2):
    - UMengUShare/Core
  - UMengUShare/Social/GooglePlus (6.4.8.2):
    - UMengUShare/Core
  - UMengUShare/Social/Instagram (6.4.8.2):
    - UMengUShare/Core
  - UMengUShare/Social/Kakao (6.4.8.2):
    - UMengUShare/Core
  - UMengUShare/Social/LaiWang (6.4.8.2):
    - UMengUShare/Core
  - UMengUShare/Social/Line (6.4.8.2):
    - UMengUShare/Core
  - UMengUShare/Social/Linkedin (6.4.8.2):
    - UMengUShare/Core
  - UMengUShare/Social/Pinterest (6.4.8.2):
    - UMengUShare/Core
  - UMengUShare/Social/Pocket (6.4.8.2):
    - UMengUShare/Core
  - UMengUShare/Social/QQ (6.4.8.2):
    - UMengUShare/Core
    - UMengUShare/Social/ReducedQQ
  - UMengUShare/Social/ReducedQQ (6.4.8.2):
    - UMengUShare/Core
  - UMengUShare/Social/ReducedSina (6.4.8.2):
    - UMengUShare/Core
  - UMengUShare/Social/ReducedWeChat (6.4.8.2):
    - UMengUShare/Core
  - UMengUShare/Social/Renren (6.4.8.2):
    - UMengUShare/Core
  - UMengUShare/Social/Sina (6.4.8.2):
    - UMengUShare/Core
    - UMengUShare/Social/ReducedSina
  - UMengUShare/Social/SMS (6.4.8.2):
    - UMengUShare/Core
  - UMengUShare/Social/TencentWeibo (6.4.8.2):
    - UMengUShare/Core
  - UMengUShare/Social/Tumblr (6.4.8.2):
    - UMengUShare/Core
  - UMengUShare/Social/Twitter (6.4.8.2):
    - UMengUShare/Core
  - UMengUShare/Social/VKontakte (6.4.8.2):
    - UMengUShare/Core
  - UMengUShare/Social/WeChat (6.4.8.2):
    - UMengUShare/Core
    - UMengUShare/Social/ReducedWeChat
  - UMengUShare/Social/WhatsApp (6.4.8.2):
    - UMengUShare/Core
  - UMengUShare/Social/YiXin (6.4.8.2):
    - UMengUShare/Core
  - UMengUShare/Social/YouDao (6.4.8.2):
    - UMengUShare/Core
  - UMengUShare/UI (6.4.8.2):
    - UMengUShare/Core
  - YYKit (1.0.9):
    - YYKit/no-arc (= 1.0.9)
  - YYKit/no-arc (1.0.9)
  - ZYQAssetPickerController (1.2.0)

DEPENDENCIES:
  - AFNetworking
  - FMDB
  - libksygpulive/libksygpulive
  - Masonry (~> 1.0.2)
  - MBProgressHUD (~> 1.0.0)
  - MJExtension (~> 3.0.13)
  - MJRefresh (~> 3.0.7)
  - pop
  - Reachability (~> 3.2)
  - ReactiveCocoa (~> 2.4.7)
  - SDWebImage (~> 3.7.3)
  - UMCAnalytics
  - UMCCommon
  - UMCSecurityPlugins
  - UMengUShare
  - YYKit
  - ZYQAssetPickerController

SPEC REPOS:
  https://github.com/cocoapods/specs.git:
    - AFNetworking
    - FMDB
    - GPUImage
    - libksygpulive
    - Masonry
    - MBProgressHUD
    - MJExtension
    - MJRefresh
    - pop
    - Reachability
    - ReactiveCocoa
    - SDWebImage
    - UMCAnalytics
    - UMCCommon
    - UMCSecurityPlugins
    - UMengUShare
    - YYKit
    - ZYQAssetPickerController

SPEC CHECKSUMS:
  AFNetworking: b6f891fdfaed196b46c7a83cf209e09697b94057
  FMDB: 2ce00b547f966261cd18927a3ddb07cb6f3db82a
  GPUImage: 733a5f0fab92df9de1c37ba9df520a833ccb406d
  libksygpulive: aca3eb30e7a38ee6565feb52feb82ccc0103ce43
  Masonry: 7c429b56da9d4ee0bbb3ed77a5ea710d6a5df39e
  MBProgressHUD: 4890f671c94e8a0f3cf959aa731e9de2f036d71a
  MJExtension: 19bc33ce2eee2d319760f5622562cf581a6ff756
  MJRefresh: fafde8f18f4afd66b434331a9beb67a6c0264056
  pop: 82ca6b068ce9278fd350fd9dd09482a0ce9492e6
  Reachability: 33e18b67625424e47b6cde6d202dce689ad7af96
  ReactiveCocoa: eb38dee0a0e698f73a9b25e5c1faea2bb4c79240
  SDWebImage: c325cf02c30337336b95beff20a13df489ec0ec9
  UMCAnalytics: 0aff87e39008e2a650e5917430db0da2de2f8495
  UMCCommon: 4392868ac47ff1b101663106bb114ba616fabbad
  UMCSecurityPlugins: 0831a08f3988f3cea9f1d3a7626cd9bee4fef150
  UMengUShare: 370d180101e13ee0227ae657ab119ba97243d2b3
  YYKit: 7cda43304a8dc3696c449041e2cb3107b4e236e7
  ZYQAssetPickerController: dc692a6fb421c0dc0efcabd43eb260cfb073f7fd

PODFILE CHECKSUM: 4e1130712df8014838d58748a6287c53e48c44e1

COCOAPODS: 1.5.3
